
Microsoft Visual Studio Solution File, Format Version 12.00
# Visual Studio Version 16
VisualStudioVersion = 16.0.30907.101
MinimumVisualStudioVersion = 10.0.40219.1
Project("{9A19103F-16F7-4668-BE54-9A1E7A4F7556}") = "WPFCalculator", "WPFCalculator.csproj", "{5ACCBEAA-3652-4474-8BE8-A379A4C2B67A}"
EndProject
Global
	GlobalSection(SolutionConfigurationPlatforms) = preSolution
		Debug|Any CPU = Debug|Any CPU
		Release|Any CPU = Release|Any CPU
	EndGlobalSection
	GlobalSection(ProjectConfigurationPlatforms) = postSolution
		{5ACCBEAA-3652-4474-8BE8-A379A4C2B67A}.Debug|Any CPU.ActiveCfg = Debug|Any CPU
		{5ACCBEAA-3652-4474-8BE8-A379A4C2B67A}.Debug|Any CPU.Build.0 = Debug|Any CPU
		{5ACCBEAA-3652-4474-8BE8-A379A4C2B67A}.Release|Any CPU.ActiveCfg = Release|Any CPU
		{5ACCBEAA-3652-4474-8BE8-A379A4C2B67A}.Release|Any CPU.Build.0 = Release|Any CPU
	EndGlobalSection
	GlobalSection(SolutionProperties) = preSolution
		HideSolutionNode = FALSE
	EndGlobalSection
	GlobalSection(ExtensibilityGlobals) = postSolution
		SolutionGuid = {6F200BEB-C4B4-4908-9761-2DA74FBE813A}
	EndGlobalSection
EndGlobal
